// !$*UTF8*$!
{
	archiveVersion = 1;
	classes = {
	};
	objectVersion = 55;
	objects = {

/* Begin PBXBuildFile section */
		5762D878270DCBB100FB4072 /* StepIndicatorView.swift in Sources */ = {isa = PBXBuildFile; fileRef = 5762D877270DCBB100FB4072 /* StepIndicatorView.swift */; };
		5762D87E270DDD0700FB4072 /* LaunchScreen.storyboard in Resources */ = {isa = PBXBuildFile; fileRef = 5762D87D270DDD0700FB4072 /* LaunchScreen.storyboard */; };
		579D4C02270ED8F0009A598A /* SignUpView.swift in Sources */ = {isa = PBXBuildFile; fileRef = 579D4C01270ED8F0009A598A /* SignUpView.swift */; };
		579D4C04270EE81A009A598A /* FormField.swift in Sources */ = {isa = PBXBuildFile; fileRef = 579D4C03270EE81A009A598A /* FormField.swift */; };
		579E354A270C32FB007D65C6 /* MoveApp.swift in Sources */ = {isa = PBXBuildFile; fileRef = 579E3549270C32FB007D65C6 /* MoveApp.swift */; };
		579E354C270C32FB007D65C6 /* OnboardingView.swift in Sources */ = {isa = PBXBuildFile; fileRef = 579E354B270C32FB007D65C6 /* OnboardingView.swift */; };
		579E354E270C32FF007D65C6 /* Assets.xcassets in Resources */ = {isa = PBXBuildFile; fileRef = 579E354D270C32FF007D65C6 /* Assets.xcassets */; };
		579E3551270C32FF007D65C6 /* Preview Assets.xcassets in Resources */ = {isa = PBXBuildFile; fileRef = 579E3550270C32FF007D65C6 /* Preview Assets.xcassets */; };
		579E3559270C3850007D65C6 /* TextViews.swift in Sources */ = {isa = PBXBuildFile; fileRef = 579E3558270C3850007D65C6 /* TextViews.swift */; };
		579E355B270C6123007D65C6 /* BackgroundViews.swift in Sources */ = {isa = PBXBuildFile; fileRef = 579E355A270C6123007D65C6 /* BackgroundViews.swift */; };
		579E355E270C66AB007D65C6 /* Constants.swift in Sources */ = {isa = PBXBuildFile; fileRef = 579E355D270C66AB007D65C6 /* Constants.swift */; };
		57F152C3270DA4A700DB2901 /* OnboardingViewModel.swift in Sources */ = {isa = PBXBuildFile; fileRef = 57F152C2270DA4A700DB2901 /* OnboardingViewModel.swift */; };
		57F152D2270DB25900DB2901 /* BaiJamjuree-ExtraLight.ttf in Resources */ = {isa = PBXBuildFile; fileRef = 57F152C6270DB25800DB2901 /* BaiJamjuree-ExtraLight.ttf */; };
		57F152D3270DB25900DB2901 /* BaiJamjuree-LightItalic.ttf in Resources */ = {isa = PBXBuildFile; fileRef = 57F152C7270DB25800DB2901 /* BaiJamjuree-LightItalic.ttf */; };
		57F152D4270DB25900DB2901 /* BaiJamjuree-Medium.ttf in Resources */ = {isa = PBXBuildFile; fileRef = 57F152C8270DB25800DB2901 /* BaiJamjuree-Medium.ttf */; };
		57F152D5270DB25900DB2901 /* BaiJamjuree-MediumItalic.ttf in Resources */ = {isa = PBXBuildFile; fileRef = 57F152C9270DB25800DB2901 /* BaiJamjuree-MediumItalic.ttf */; };
		57F152D6270DB25900DB2901 /* BaiJamjuree-Regular.ttf in Resources */ = {isa = PBXBuildFile; fileRef = 57F152CA270DB25800DB2901 /* BaiJamjuree-Regular.ttf */; };
		57F152D7270DB25900DB2901 /* BaiJamjuree-SemiBold.ttf in Resources */ = {isa = PBXBuildFile; fileRef = 57F152CB270DB25800DB2901 /* BaiJamjuree-SemiBold.ttf */; };
		57F152D8270DB25900DB2901 /* BaiJamjuree-SemiBoldItalic.ttf in Resources */ = {isa = PBXBuildFile; fileRef = 57F152CC270DB25800DB2901 /* BaiJamjuree-SemiBoldItalic.ttf */; };
		57F152D9270DB25900DB2901 /* BaiJamjuree-BoldItalic.ttf in Resources */ = {isa = PBXBuildFile; fileRef = 57F152CD270DB25800DB2901 /* BaiJamjuree-BoldItalic.ttf */; };
		57F152DA270DB25900DB2901 /* BaiJamjuree-Light.ttf in Resources */ = {isa = PBXBuildFile; fileRef = 57F152CE270DB25800DB2901 /* BaiJamjuree-Light.ttf */; };
		57F152DB270DB25900DB2901 /* BaiJamjuree-Bold.ttf in Resources */ = {isa = PBXBuildFile; fileRef = 57F152CF270DB25800DB2901 /* BaiJamjuree-Bold.ttf */; };
		57F152DC270DB25900DB2901 /* BaiJamjuree-Italic.ttf in Resources */ = {isa = PBXBuildFile; fileRef = 57F152D0270DB25800DB2901 /* BaiJamjuree-Italic.ttf */; };
		57F152DD270DB25900DB2901 /* BaiJamjuree-ExtraLightItalic.ttf in Resources */ = {isa = PBXBuildFile; fileRef = 57F152D1270DB25900DB2901 /* BaiJamjuree-ExtraLightItalic.ttf */; };
/* End PBXBuildFile section */

/* Begin PBXFileReference section */
		5762D877270DCBB100FB4072 /* StepIndicatorView.swift */ = {isa = PBXFileReference; lastKnownFileType = sourcecode.swift; path = StepIndicatorView.swift; sourceTree = "<group>"; };
		5762D87D270DDD0700FB4072 /* LaunchScreen.storyboard */ = {isa = PBXFileReference; lastKnownFileType = file.storyboard; path = LaunchScreen.storyboard; sourceTree = "<group>"; };
		579D4C01270ED8F0009A598A /* SignUpView.swift */ = {isa = PBXFileReference; lastKnownFileType = sourcecode.swift; path = SignUpView.swift; sourceTree = "<group>"; };
		579D4C03270EE81A009A598A /* FormField.swift */ = {isa = PBXFileReference; lastKnownFileType = sourcecode.swift; path = FormField.swift; sourceTree = "<group>"; };
		579E3546270C32FB007D65C6 /* Move.app */ = {isa = PBXFileReference; explicitFileType = wrapper.application; includeInIndex = 0; path = Move.app; sourceTree = BUILT_PRODUCTS_DIR; };
		579E3549270C32FB007D65C6 /* MoveApp.swift */ = {isa = PBXFileReference; lastKnownFileType = sourcecode.swift; path = MoveApp.swift; sourceTree = "<group>"; };
		579E354B270C32FB007D65C6 /* OnboardingView.swift */ = {isa = PBXFileReference; lastKnownFileType = sourcecode.swift; path = OnboardingView.swift; sourceTree = "<group>"; };
		579E354D270C32FF007D65C6 /* Assets.xcassets */ = {isa = PBXFileReference; lastKnownFileType = folder.assetcatalog; path = Assets.xcassets; sourceTree = "<group>"; };
		579E3550270C32FF007D65C6 /* Preview Assets.xcassets */ = {isa = PBXFileReference; lastKnownFileType = folder.assetcatalog; path = "Preview Assets.xcassets"; sourceTree = "<group>"; };
		579E3558270C3850007D65C6 /* TextViews.swift */ = {isa = PBXFileReference; lastKnownFileType = sourcecode.swift; path = TextViews.swift; sourceTree = "<group>"; };
		579E355A270C6123007D65C6 /* BackgroundViews.swift */ = {isa = PBXFileReference; lastKnownFileType = sourcecode.swift; path = BackgroundViews.swift; sourceTree = "<group>"; };
		579E355D270C66AB007D65C6 /* Constants.swift */ = {isa = PBXFileReference; lastKnownFileType = sourcecode.swift; path = Constants.swift; sourceTree = "<group>"; };
		57F152C2270DA4A700DB2901 /* OnboardingViewModel.swift */ = {isa = PBXFileReference; lastKnownFileType = sourcecode.swift; path = OnboardingViewModel.swift; sourceTree = "<group>"; };
		57F152C6270DB25800DB2901 /* BaiJamjuree-ExtraLight.ttf */ = {isa = PBXFileReference; lastKnownFileType = file; path = "BaiJamjuree-ExtraLight.ttf"; sourceTree = "<group>"; };
		57F152C7270DB25800DB2901 /* BaiJamjuree-LightItalic.ttf */ = {isa = PBXFileReference; lastKnownFileType = file; path = "BaiJamjuree-LightItalic.ttf"; sourceTree = "<group>"; };
		57F152C8270DB25800DB2901 /* BaiJamjuree-Medium.ttf */ = {isa = PBXFileReference; lastKnownFileType = file; path = "BaiJamjuree-Medium.ttf"; sourceTree = "<group>"; };
		57F152C9270DB25800DB2901 /* BaiJamjuree-MediumItalic.ttf */ = {isa = PBXFileReference; lastKnownFileType = file; path = "BaiJamjuree-MediumItalic.ttf"; sourceTree = "<group>"; };
		57F152CA270DB25800DB2901 /* BaiJamjuree-Regular.ttf */ = {isa = PBXFileReference; lastKnownFileType = file; path = "BaiJamjuree-Regular.ttf"; sourceTree = "<group>"; };
		57F152CB270DB25800DB2901 /* BaiJamjuree-SemiBold.ttf */ = {isa = PBXFileReference; lastKnownFileType = file; path = "BaiJamjuree-SemiBold.ttf"; sourceTree = "<group>"; };
		57F152CC270DB25800DB2901 /* BaiJamjuree-SemiBoldItalic.ttf */ = {isa = PBXFileReference; lastKnownFileType = file; path = "BaiJamjuree-SemiBoldItalic.ttf"; sourceTree = "<group>"; };
		57F152CD270DB25800DB2901 /* BaiJamjuree-BoldItalic.ttf */ = {isa = PBXFileReference; lastKnownFileType = file; path = "BaiJamjuree-BoldItalic.ttf"; sourceTree = "<group>"; };
		57F152CE270DB25800DB2901 /* BaiJamjuree-Light.ttf */ = {isa = PBXFileReference; lastKnownFileType = file; path = "BaiJamjuree-Light.ttf"; sourceTree = "<group>"; };
		57F152CF270DB25800DB2901 /* BaiJamjuree-Bold.ttf */ = {isa = PBXFileReference; lastKnownFileType = file; path = "BaiJamjuree-Bold.ttf"; sourceTree = "<group>"; };
		57F152D0270DB25800DB2901 /* BaiJamjuree-Italic.ttf */ = {isa = PBXFileReference; lastKnownFileType = file; path = "BaiJamjuree-Italic.ttf"; sourceTree = "<group>"; };
		57F152D1270DB25900DB2901 /* BaiJamjuree-ExtraLightItalic.ttf */ = {isa = PBXFileReference; lastKnownFileType = file; path = "BaiJamjuree-ExtraLightItalic.ttf"; sourceTree = "<group>"; };
		57F152F8270DB48000DB2901 /* Info.plist */ = {isa = PBXFileReference; lastKnownFileType = text.plist; path = Info.plist; sourceTree = "<group>"; };
/* End PBXFileReference section */

/* Begin PBXFrameworksBuildPhase section */
		579E3543270C32FB007D65C6 /* Frameworks */ = {
			isa = PBXFrameworksBuildPhase;
			buildActionMask = 2147483647;
			files = (
			);
			runOnlyForDeploymentPostprocessing = 0;
		};
/* End PBXFrameworksBuildPhase section */

/* Begin PBXGroup section */
		579D4C00270ED8C7009A598A /* Authentication */ = {
			isa = PBXGroup;
			children = (
				579D4C01270ED8F0009A598A /* SignUpView.swift */,
				579D4C03270EE81A009A598A /* FormField.swift */,
			);
			path = Authentication;
			sourceTree = "<group>";
		};
		579E353D270C32FB007D65C6 = {
			isa = PBXGroup;
			children = (
				579E3548270C32FB007D65C6 /* Move */,
				579E3547270C32FB007D65C6 /* Products */,
			);
			sourceTree = "<group>";
		};
		579E3547270C32FB007D65C6 /* Products */ = {
			isa = PBXGroup;
			children = (
				579E3546270C32FB007D65C6 /* Move.app */,
			);
			name = Products;
			sourceTree = "<group>";
		};
		579E3548270C32FB007D65C6 /* Move */ = {
			isa = PBXGroup;
			children = (
				57F152F8270DB48000DB2901 /* Info.plist */,
				57F152C4270DB22800DB2901 /* Resources */,
				57F152C1270DA44100DB2901 /* ViewModels */,
				579E355C270C669D007D65C6 /* Utils */,
				579E3557270C3810007D65C6 /* Views */,
				579E3549270C32FB007D65C6 /* MoveApp.swift */,
				579E354D270C32FF007D65C6 /* Assets.xcassets */,
				579E354F270C32FF007D65C6 /* Preview Content */,
				5762D87D270DDD0700FB4072 /* LaunchScreen.storyboard */,
			);
			path = Move;
			sourceTree = "<group>";
		};
		579E354F270C32FF007D65C6 /* Preview Content */ = {
			isa = PBXGroup;
			children = (
				579E3550270C32FF007D65C6 /* Preview Assets.xcassets */,
			);
			path = "Preview Content";
			sourceTree = "<group>";
		};
		579E3557270C3810007D65C6 /* Views */ = {
			isa = PBXGroup;
			children = (
				579D4C00270ED8C7009A598A /* Authentication */,
				579E354B270C32FB007D65C6 /* OnboardingView.swift */,
				579E3558270C3850007D65C6 /* TextViews.swift */,
				579E355A270C6123007D65C6 /* BackgroundViews.swift */,
				5762D877270DCBB100FB4072 /* StepIndicatorView.swift */,
			);
			path = Views;
			sourceTree = "<group>";
		};
		579E355C270C669D007D65C6 /* Utils */ = {
			isa = PBXGroup;
			children = (
				579E355D270C66AB007D65C6 /* Constants.swift */,
			);
			path = Utils;
			sourceTree = "<group>";
		};
		57F152C1270DA44100DB2901 /* ViewModels */ = {
			isa = PBXGroup;
			children = (
				57F152C2270DA4A700DB2901 /* OnboardingViewModel.swift */,
			);
			path = ViewModels;
			sourceTree = "<group>";
		};
		57F152C4270DB22800DB2901 /* Resources */ = {
			isa = PBXGroup;
			children = (
				57F152C5270DB23500DB2901 /* Fonts */,
			);
			path = Resources;
			sourceTree = "<group>";
		};
		57F152C5270DB23500DB2901 /* Fonts */ = {
			isa = PBXGroup;
			children = (
				57F152CF270DB25800DB2901 /* BaiJamjuree-Bold.ttf */,
				57F152CD270DB25800DB2901 /* BaiJamjuree-BoldItalic.ttf */,
				57F152C6270DB25800DB2901 /* BaiJamjuree-ExtraLight.ttf */,
				57F152D1270DB25900DB2901 /* BaiJamjuree-ExtraLightItalic.ttf */,
				57F152D0270DB25800DB2901 /* BaiJamjuree-Italic.ttf */,
				57F152CE270DB25800DB2901 /* BaiJamjuree-Light.ttf */,
				57F152C7270DB25800DB2901 /* BaiJamjuree-LightItalic.ttf */,
				57F152C8270DB25800DB2901 /* BaiJamjuree-Medium.ttf */,
				57F152C9270DB25800DB2901 /* BaiJamjuree-MediumItalic.ttf */,
				57F152CA270DB25800DB2901 /* BaiJamjuree-Regular.ttf */,
				57F152CB270DB25800DB2901 /* BaiJamjuree-SemiBold.ttf */,
				57F152CC270DB25800DB2901 /* BaiJamjuree-SemiBoldItalic.ttf */,
			);
			path = Fonts;
			sourceTree = "<group>";
		};
/* End PBXGroup section */

/* Begin PBXNativeTarget section */
		579E3545270C32FB007D65C6 /* Move */ = {
			isa = PBXNativeTarget;
			buildConfigurationList = 579E3554270C32FF007D65C6 /* Build configuration list for PBXNativeTarget "Move" */;
			buildPhases = (
				579E3542270C32FB007D65C6 /* Sources */,
				579E3543270C32FB007D65C6 /* Frameworks */,
				579E3544270C32FB007D65C6 /* Resources */,
			);
			buildRules = (
			);
			dependencies = (
			);
			name = Move;
			productName = Move;
			productReference = 579E3546270C32FB007D65C6 /* Move.app */;
			productType = "com.apple.product-type.application";
		};
/* End PBXNativeTarget section */

/* Begin PBXProject section */
		579E353E270C32FB007D65C6 /* Project object */ = {
			isa = PBXProject;
			attributes = {
				BuildIndependentTargetsInParallel = 1;
				LastSwiftUpdateCheck = 1300;
				LastUpgradeCheck = 1300;
				TargetAttributes = {
					579E3545270C32FB007D65C6 = {
						CreatedOnToolsVersion = 13.0;
					};
				};
			};
			buildConfigurationList = 579E3541270C32FB007D65C6 /* Build configuration list for PBXProject "Move" */;
			compatibilityVersion = "Xcode 13.0";
			developmentRegion = en;
			hasScannedForEncodings = 0;
			knownRegions = (
				en,
				Base,
			);
			mainGroup = 579E353D270C32FB007D65C6;
			productRefGroup = 579E3547270C32FB007D65C6 /* Products */;
			projectDirPath = "";
			projectRoot = "";
			targets = (
				579E3545270C32FB007D65C6 /* Move */,
			);
		};
/* End PBXProject section */

/* Begin PBXResourcesBuildPhase section */
		579E3544270C32FB007D65C6 /* Resources */ = {
			isa = PBXResourcesBuildPhase;
			buildActionMask = 2147483647;
			files = (
				57F152D2270DB25900DB2901 /* BaiJamjuree-ExtraLight.ttf in Resources */,
				57F152D4270DB25900DB2901 /* BaiJamjuree-Medium.ttf in Resources */,
				57F152DD270DB25900DB2901 /* BaiJamjuree-ExtraLightItalic.ttf in Resources */,
				5762D87E270DDD0700FB4072 /* LaunchScreen.storyboard in Resources */,
				57F152D3270DB25900DB2901 /* BaiJamjuree-LightItalic.ttf in Resources */,
				579E3551270C32FF007D65C6 /* Preview Assets.xcassets in Resources */,
				579E354E270C32FF007D65C6 /* Assets.xcassets in Resources */,
				57F152DC270DB25900DB2901 /* BaiJamjuree-Italic.ttf in Resources */,
				57F152DB270DB25900DB2901 /* BaiJamjuree-Bold.ttf in Resources */,
				57F152D8270DB25900DB2901 /* BaiJamjuree-SemiBoldItalic.ttf in Resources */,
				57F152D6270DB25900DB2901 /* BaiJamjuree-Regular.ttf in Resources */,
				57F152D9270DB25900DB2901 /* BaiJamjuree-BoldItalic.ttf in Resources */,
				57F152D5270DB25900DB2901 /* BaiJamjuree-MediumItalic.ttf in Resources */,
				57F152DA270DB25900DB2901 /* BaiJamjuree-Light.ttf in Resources */,
				57F152D7270DB25900DB2901 /* BaiJamjuree-SemiBold.ttf in Resources */,
			);
			runOnlyForDeploymentPostprocessing = 0;
		};
/* End PBXResourcesBuildPhase section */

/* Begin PBXSourcesBuildPhase section */
		579E3542270C32FB007D65C6 /* Sources */ = {
			isa = PBXSourcesBuildPhase;
			buildActionMask = 2147483647;
			files = (
				579E355E270C66AB007D65C6 /* Constants.swift in Sources */,
				57F152C3270DA4A700DB2901 /* OnboardingViewModel.swift in Sources */,
				579E354C270C32FB007D65C6 /* OnboardingView.swift in Sources */,
				5762D878270DCBB100FB4072 /* StepIndicatorView.swift in Sources */,
				579E354A270C32FB007D65C6 /* MoveApp.swift in Sources */,
				579D4C02270ED8F0009A598A /* SignUpView.swift in Sources */,
				579D4C04270EE81A009A598A /* FormField.swift in Sources */,
				579E3559270C3850007D65C6 /* TextViews.swift in Sources */,
				579E355B270C6123007D65C6 /* BackgroundViews.swift in Sources */,
			);
			runOnlyForDeploymentPostprocessing = 0;
		};
/* End PBXSourcesBuildPhase section */

/* Begin XCBuildConfiguration section */
		579E3552270C32FF007D65C6 /* Debug */ = {
			isa = XCBuildConfiguration;
			buildSettings = {
				ALWAYS_SEARCH_USER_PATHS = NO;
				CLANG_ANALYZER_NONNULL = YES;
				CLANG_ANALYZER_NUMBER_OBJECT_CONVERSION = YES_AGGRESSIVE;
				CLANG_CXX_LANGUAGE_STANDARD = "gnu++17";
				CLANG_CXX_LIBRARY = "libc++";
				CLANG_ENABLE_MODULES = YES;
				CLANG_ENABLE_OBJC_ARC = YES;
				CLANG_ENABLE_OBJC_WEAK = YES;
				CLANG_WARN_BLOCK_CAPTURE_AUTORELEASING = YES;
				CLANG_WARN_BOOL_CONVERSION = YES;
				CLANG_WARN_COMMA = YES;
				CLANG_WARN_CONSTANT_CONVERSION = YES;
				CLANG_WARN_DEPRECATED_OBJC_IMPLEMENTATIONS = YES;
				CLANG_WARN_DIRECT_OBJC_ISA_USAGE = YES_ERROR;
				CLANG_WARN_DOCUMENTATION_COMMENTS = YES;
				CLANG_WARN_EMPTY_BODY = YES;
				CLANG_WARN_ENUM_CONVERSION = YES;
				CLANG_WARN_INFINITE_RECURSION = YES;
				CLANG_WARN_INT_CONVERSION = YES;
				CLANG_WARN_NON_LITERAL_NULL_CONVERSION = YES;
				CLANG_WARN_OBJC_IMPLICIT_RETAIN_SELF = YES;
				CLANG_WARN_OBJC_LITERAL_CONVERSION = YES;
				CLANG_WARN_OBJC_ROOT_CLASS = YES_ERROR;
				CLANG_WARN_QUOTED_INCLUDE_IN_FRAMEWORK_HEADER = YES;
				CLANG_WARN_RANGE_LOOP_ANALYSIS = YES;
				CLANG_WARN_STRICT_PROTOTYPES = YES;
				CLANG_WARN_SUSPICIOUS_MOVE = YES;
				CLANG_WARN_UNGUARDED_AVAILABILITY = YES_AGGRESSIVE;
				CLANG_WARN_UNREACHABLE_CODE = YES;
				CLANG_WARN__DUPLICATE_METHOD_MATCH = YES;
				COPY_PHASE_STRIP = NO;
				DEBUG_INFORMATION_FORMAT = dwarf;
				ENABLE_STRICT_OBJC_MSGSEND = YES;
				ENABLE_TESTABILITY = YES;
				GCC_C_LANGUAGE_STANDARD = gnu11;
				GCC_DYNAMIC_NO_PIC = NO;
				GCC_NO_COMMON_BLOCKS = YES;
				GCC_OPTIMIZATION_LEVEL = 0;
				GCC_PREPROCESSOR_DEFINITIONS = (
					"DEBUG=1",
					"$(inherited)",
				);
				GCC_WARN_64_TO_32_BIT_CONVERSION = YES;
				GCC_WARN_ABOUT_RETURN_TYPE = YES_ERROR;
				GCC_WARN_UNDECLARED_SELECTOR = YES;
				GCC_WARN_UNINITIALIZED_AUTOS = YES_AGGRESSIVE;
				GCC_WARN_UNUSED_FUNCTION = YES;
				GCC_WARN_UNUSED_VARIABLE = YES;
				IPHONEOS_DEPLOYMENT_TARGET = 15.0;
				MTL_ENABLE_DEBUG_INFO = INCLUDE_SOURCE;
				MTL_FAST_MATH = YES;
				ONLY_ACTIVE_ARCH = YES;
				SDKROOT = iphoneos;
				SWIFT_ACTIVE_COMPILATION_CONDITIONS = DEBUG;
				SWIFT_OPTIMIZATION_LEVEL = "-Onone";
			};
			name = Debug;
		};
		579E3553270C32FF007D65C6 /* Release */ = {
			isa = XCBuildConfiguration;
			buildSettings = {
				ALWAYS_SEARCH_USER_PATHS = NO;
				CLANG_ANALYZER_NONNULL = YES;
				CLANG_ANALYZER_NUMBER_OBJECT_CONVERSION = YES_AGGRESSIVE;
				CLANG_CXX_LANGUAGE_STANDARD = "gnu++17";
				CLANG_CXX_LIBRARY = "libc++";
				CLANG_ENABLE_MODULES = YES;
				CLANG_ENABLE_OBJC_ARC = YES;
				CLANG_ENABLE_OBJC_WEAK = YES;
				CLANG_WARN_BLOCK_CAPTURE_AUTORELEASING = YES;
				CLANG_WARN_BOOL_CONVERSION = YES;
				CLANG_WARN_COMMA = YES;
				CLANG_WARN_CONSTANT_CONVERSION = YES;
				CLANG_WARN_DEPRECATED_OBJC_IMPLEMENTATIONS = YES;
				CLANG_WARN_DIRECT_OBJC_ISA_USAGE = YES_ERROR;
				CLANG_WARN_DOCUMENTATION_COMMENTS = YES;
				CLANG_WARN_EMPTY_BODY = YES;
				CLANG_WARN_ENUM_CONVERSION = YES;
				CLANG_WARN_INFINITE_RECURSION = YES;
				CLANG_WARN_INT_CONVERSION = YES;
				CLANG_WARN_NON_LITERAL_NULL_CONVERSION = YES;
				CLANG_WARN_OBJC_IMPLICIT_RETAIN_SELF = YES;
				CLANG_WARN_OBJC_LITERAL_CONVERSION = YES;
				CLANG_WARN_OBJC_ROOT_CLASS = YES_ERROR;
				CLANG_WARN_QUOTED_INCLUDE_IN_FRAMEWORK_HEADER = YES;
				CLANG_WARN_RANGE_LOOP_ANALYSIS = YES;
				CLANG_WARN_STRICT_PROTOTYPES = YES;
				CLANG_WARN_SUSPICIOUS_MOVE = YES;
				CLANG_WARN_UNGUARDED_AVAILABILITY = YES_AGGRESSIVE;
				CLANG_WARN_UNREACHABLE_CODE = YES;
				CLANG_WARN__DUPLICATE_METHOD_MATCH = YES;
				COPY_PHASE_STRIP = NO;
				DEBUG_INFORMATION_FORMAT = "dwarf-with-dsym";
				ENABLE_NS_ASSERTIONS = NO;
				ENABLE_STRICT_OBJC_MSGSEND = YES;
				GCC_C_LANGUAGE_STANDARD = gnu11;
				GCC_NO_COMMON_BLOCKS = YES;
				GCC_WARN_64_TO_32_BIT_CONVERSION = YES;
				GCC_WARN_ABOUT_RETURN_TYPE = YES_ERROR;
				GCC_WARN_UNDECLARED_SELECTOR = YES;
				GCC_WARN_UNINITIALIZED_AUTOS = YES_AGGRESSIVE;
				GCC_WARN_UNUSED_FUNCTION = YES;
				GCC_WARN_UNUSED_VARIABLE = YES;
				IPHONEOS_DEPLOYMENT_TARGET = 15.0;
				MTL_ENABLE_DEBUG_INFO = NO;
				MTL_FAST_MATH = YES;
				SDKROOT = iphoneos;
				SWIFT_COMPILATION_MODE = wholemodule;
				SWIFT_OPTIMIZATION_LEVEL = "-O";
				VALIDATE_PRODUCT = YES;
			};
			name = Release;
		};
		579E3555270C32FF007D65C6 /* Debug */ = {
			isa = XCBuildConfiguration;
			buildSettings = {
				ASSETCATALOG_COMPILER_APPICON_NAME = AppIcon;
				ASSETCATALOG_COMPILER_GLOBAL_ACCENT_COLOR_NAME = AccentColor;
				CODE_SIGN_STYLE = Automatic;
				CURRENT_PROJECT_VERSION = 1;
				DEVELOPMENT_ASSET_PATHS = "\"Move/Preview Content\"";
				DEVELOPMENT_TEAM = BGL98V7Y68;
				ENABLE_PREVIEWS = YES;
				GENERATE_INFOPLIST_FILE = YES;
				INFOPLIST_FILE = Move/Info.plist;
				INFOPLIST_KEY_UIApplicationSceneManifest_Generation = YES;
				INFOPLIST_KEY_UIApplicationSupportsIndirectInputEvents = YES;
				INFOPLIST_KEY_UILaunchStoryboardName = LaunchScreen;
				INFOPLIST_KEY_UISupportedInterfaceOrientations_iPad = "UIInterfaceOrientationPortrait UIInterfaceOrientationPortraitUpsideDown UIInterfaceOrientationLandscapeLeft UIInterfaceOrientationLandscapeRight";
				INFOPLIST_KEY_UISupportedInterfaceOrientations_iPhone = "UIInterfaceOrientationPortrait UIInterfaceOrientationLandscapeLeft UIInterfaceOrientationLandscapeRight";
				IPHONEOS_DEPLOYMENT_TARGET = 15.0;
				LD_RUNPATH_SEARCH_PATHS = (
					"$(inherited)",
					"@executable_path/Frameworks",
				);
				MARKETING_VERSION = 1.0;
				PRODUCT_BUNDLE_IDENTIFIER = com.victorcuc.Move;
				PRODUCT_NAME = "$(TARGET_NAME)";
				SWIFT_EMIT_LOC_STRINGS = YES;
				SWIFT_VERSION = 5.0;
				TARGETED_DEVICE_FAMILY = "1,2";
			};
			name = Debug;
		};
		579E3556270C32FF007D65C6 /* Release */ = {
			isa = XCBuildConfiguration;
			buildSettings = {
				ASSETCATALOG_COMPILER_APPICON_NAME = AppIcon;
				ASSETCATALOG_COMPILER_GLOBAL_ACCENT_COLOR_NAME = AccentColor;
				CODE_SIGN_STYLE = Automatic;
				CURRENT_PROJECT_VERSION = 1;
				DEVELOPMENT_ASSET_PATHS = "\"Move/Preview Content\"";
				DEVELOPMENT_TEAM = BGL98V7Y68;
				ENABLE_PREVIEWS = YES;
				GENERATE_INFOPLIST_FILE = YES;
				INFOPLIST_FILE = Move/Info.plist;
				INFOPLIST_KEY_UIApplicationSceneManifest_Generation = YES;
				INFOPLIST_KEY_UIApplicationSupportsIndirectInputEvents = YES;
				INFOPLIST_KEY_UILaunchStoryboardName = LaunchScreen;
				INFOPLIST_KEY_UISupportedInterfaceOrientations_iPad = "UIInterfaceOrientationPortrait UIInterfaceOrientationPortraitUpsideDown UIInterfaceOrientationLandscapeLeft UIInterfaceOrientationLandscapeRight";
				INFOPLIST_KEY_UISupportedInterfaceOrientations_iPhone = "UIInterfaceOrientationPortrait UIInterfaceOrientationLandscapeLeft UIInterfaceOrientationLandscapeRight";
				IPHONEOS_DEPLOYMENT_TARGET = 15.0;
				LD_RUNPATH_SEARCH_PATHS = (
					"$(inherited)",
					"@executable_path/Frameworks",
				);
				MARKETING_VERSION = 1.0;
				PRODUCT_BUNDLE_IDENTIFIER = com.victorcuc.Move;
				PRODUCT_NAME = "$(TARGET_NAME)";
				SWIFT_EMIT_LOC_STRINGS = YES;
				SWIFT_VERSION = 5.0;
				TARGETED_DEVICE_FAMILY = "1,2";
			};
			name = Release;
		};
/* End XCBuildConfiguration section */

/* Begin XCConfigurationList section */
		579E3541270C32FB007D65C6 /* Build configuration list for PBXProject "Move" */ = {
			isa = XCConfigurationList;
			buildConfigurations = (
				579E3552270C32FF007D65C6 /* Debug */,
				579E3553270C32FF007D65C6 /* Release */,
			);
			defaultConfigurationIsVisible = 0;
			defaultConfigurationName = Release;
		};
		579E3554270C32FF007D65C6 /* Build configuration list for PBXNativeTarget "Move" */ = {
			isa = XCConfigurationList;
			buildConfigurations = (
				579E3555270C32FF007D65C6 /* Debug */,
				579E3556270C32FF007D65C6 /* Release */,
			);
			defaultConfigurationIsVisible = 0;
			defaultConfigurationName = Release;
		};
/* End XCConfigurationList section */
	};
	rootObject = 579E353E270C32FB007D65C6 /* Project object */;
}
